// !$*UTF8*$!
{
	archiveVersion = 1;
	classes = {
	};
	objectVersion = 55;
	objects = {

/* Begin PBXBuildFile section */
		2118206B289252DC00F2BA8E /* ScheduleInfoView.swift in Sources */ = {isa = PBXBuildFile; fileRef = 2118206A289252DC00F2BA8E /* ScheduleInfoView.swift */; };
		211CF4752885A6B300BDE26A /* DesignGuideSystem.swift in Sources */ = {isa = PBXBuildFile; fileRef = 211CF4742885A6B300BDE26A /* DesignGuideSystem.swift */; };
		211CF47A2885AB2700BDE26A /* Pretendard-Medium.otf in Resources */ = {isa = PBXBuildFile; fileRef = 211CF4772885AB2700BDE26A /* Pretendard-Medium.otf */; };
		211CF47B2885AB2700BDE26A /* Pretendard-Light.otf in Resources */ = {isa = PBXBuildFile; fileRef = 211CF4782885AB2700BDE26A /* Pretendard-Light.otf */; };
		211CF47C2885AB2700BDE26A /* Pretendard-Bold.otf in Resources */ = {isa = PBXBuildFile; fileRef = 211CF4792885AB2700BDE26A /* Pretendard-Bold.otf */; };
		211D244F289276EB0012F8C7 /* CalendarUtil.swift in Sources */ = {isa = PBXBuildFile; fileRef = 211D244E289276EB0012F8C7 /* CalendarUtil.swift */; };
		214707DF288FBDF9004E49D9 /* UnderlineSegmentedControl.swift in Sources */ = {isa = PBXBuildFile; fileRef = 214707DE288FBDF9004E49D9 /* UnderlineSegmentedControl.swift */; };
		2186376728888C5800F71595 /* TeamInfoView.swift in Sources */ = {isa = PBXBuildFile; fileRef = 2186376628888C5800F71595 /* TeamInfoView.swift */; };
		21977B4C28868E0700BAE020 /* NextScheduleInfoCell.swift in Sources */ = {isa = PBXBuildFile; fileRef = 21977B4B28868E0700BAE020 /* NextScheduleInfoCell.swift */; };
		21977B4E28868E6800BAE020 /* CollectionViewHeader.swift in Sources */ = {isa = PBXBuildFile; fileRef = 21977B4D28868E6800BAE020 /* CollectionViewHeader.swift */; };
		21ABDA7E2893AB3F00F0DB4F /* PlanView.swift in Sources */ = {isa = PBXBuildFile; fileRef = 21ABDA7D2893AB3F00F0DB4F /* PlanView.swift */; };
		21ABDA802893BC7F00F0DB4F /* PlanViewModel.swift in Sources */ = {isa = PBXBuildFile; fileRef = 21ABDA7F2893BC7F00F0DB4F /* PlanViewModel.swift */; };
		21B86DC128918826009B7643 /* MonthCalendar.swift in Sources */ = {isa = PBXBuildFile; fileRef = 21B86DC028918826009B7643 /* MonthCalendar.swift */; };
		21BC991E28910A12000C5FCF /* PrevScheduleInfoCell.swift in Sources */ = {isa = PBXBuildFile; fileRef = 21BC991D28910A12000C5FCF /* PrevScheduleInfoCell.swift */; };
		21BC992028911245000C5FCF /* MainTabBarController.swift in Sources */ = {isa = PBXBuildFile; fileRef = 21BC991F28911245000C5FCF /* MainTabBarController.swift */; };
		317AE6852886919200FDA57B /* ClassDeatilViewController.swift in Sources */ = {isa = PBXBuildFile; fileRef = 317AE6842886919200FDA57B /* ClassDeatilViewController.swift */; };
		317AE6882886927400FDA57B /* ClassDetailTableViewCell.swift in Sources */ = {isa = PBXBuildFile; fileRef = 317AE6872886927400FDA57B /* ClassDetailTableViewCell.swift */; };
		317AE68A2886A25200FDA57B /* ClassDetailHeaderView.swift in Sources */ = {isa = PBXBuildFile; fileRef = 317AE6892886A25200FDA57B /* ClassDetailHeaderView.swift */; };
		317AE68C2886EFE700FDA57B /* ClassInformationViewController.swift in Sources */ = {isa = PBXBuildFile; fileRef = 317AE68B2886EFE700FDA57B /* ClassInformationViewController.swift */; };
		317AE68E28870DAF00FDA57B /* ProgressUpdateModalViewController.swift in Sources */ = {isa = PBXBuildFile; fileRef = 317AE68D28870DAF00FDA57B /* ProgressUpdateModalViewController.swift */; };
		317AE69228873BCE00FDA57B /* ClassInformationHeaderView.swift in Sources */ = {isa = PBXBuildFile; fileRef = 317AE69128873BCE00FDA57B /* ClassInformationHeaderView.swift */; };
		317AE69428873BEA00FDA57B /* ClassInformationTableViewCell.swift in Sources */ = {isa = PBXBuildFile; fileRef = 317AE69328873BEA00FDA57B /* ClassInformationTableViewCell.swift */; };
		317AE6B828883D1400FDA57B /* ClassDetailView.swift in Sources */ = {isa = PBXBuildFile; fileRef = 317AE6B728883D1400FDA57B /* ClassDetailView.swift */; };
		317AE6BA28883D2700FDA57B /* ClassHeaderComponent.swift in Sources */ = {isa = PBXBuildFile; fileRef = 317AE6B928883D2700FDA57B /* ClassHeaderComponent.swift */; };
		317AE6BE28883D4700FDA57B /* ClassScheduleCardComponent.swift in Sources */ = {isa = PBXBuildFile; fileRef = 317AE6BD28883D4700FDA57B /* ClassScheduleCardComponent.swift */; };
		317AE6C028884E9D00FDA57B /* ClassUpdateModalView.swift in Sources */ = {isa = PBXBuildFile; fileRef = 317AE6BF28884E9D00FDA57B /* ClassUpdateModalView.swift */; };
		317AE6C22888647000FDA57B /* ClassInformationView.swift in Sources */ = {isa = PBXBuildFile; fileRef = 317AE6C12888647000FDA57B /* ClassInformationView.swift */; };
		317AE6C42888648B00FDA57B /* ClassInformationHeaderComponent.swift in Sources */ = {isa = PBXBuildFile; fileRef = 317AE6C32888648B00FDA57B /* ClassInformationHeaderComponent.swift */; };
		317AE6C62888649B00FDA57B /* ClassInformationListComponent.swift in Sources */ = {isa = PBXBuildFile; fileRef = 317AE6C52888649B00FDA57B /* ClassInformationListComponent.swift */; };
		31EBB7FE2891920700502441 /* KeyboardHeightHelper.swift in Sources */ = {isa = PBXBuildFile; fileRef = 31EBB7FD2891920700502441 /* KeyboardHeightHelper.swift */; };
		31EBB8062893BD1000502441 /* ClassUpdateView.swift in Sources */ = {isa = PBXBuildFile; fileRef = 31EBB8052893BD1000502441 /* ClassUpdateView.swift */; };
		31EBB83328957E4A00502441 /* WeeklyCalendarView.swift in Sources */ = {isa = PBXBuildFile; fileRef = 31EBB83228957E4A00502441 /* WeeklyCalendarView.swift */; };
		31EBB83528957E5E00502441 /* CalendarBackgroundView.swift in Sources */ = {isa = PBXBuildFile; fileRef = 31EBB83428957E5E00502441 /* CalendarBackgroundView.swift */; };
		31EBB83728957E7100502441 /* CalendarNumberView.swift in Sources */ = {isa = PBXBuildFile; fileRef = 31EBB83628957E7100502441 /* CalendarNumberView.swift */; };
		31EBB83928957EBE00502441 /* WeeklyNumberView.swift in Sources */ = {isa = PBXBuildFile; fileRef = 31EBB83828957EBE00502441 /* WeeklyNumberView.swift */; };
		372B0EDC288FBA9B00482730 /* ClassAddView.swift in Sources */ = {isa = PBXBuildFile; fileRef = 372B0EDB288FBA9B00482730 /* ClassAddView.swift */; };
		372B0EDE288FD76400482730 /* ClassTextField.swift in Sources */ = {isa = PBXBuildFile; fileRef = 372B0EDD288FD76400482730 /* ClassTextField.swift */; };
		372B0EE0289106F500482730 /* DateFormatUtil.swift in Sources */ = {isa = PBXBuildFile; fileRef = 372B0EDF289106F500482730 /* DateFormatUtil.swift */; };
		372B0EE22891420600482730 /* NavBarBackButton.swift in Sources */ = {isa = PBXBuildFile; fileRef = 372B0EE12891420600482730 /* NavBarBackButton.swift */; };
		372B0EE42891429700482730 /* ClassTitleProgressView.swift in Sources */ = {isa = PBXBuildFile; fileRef = 372B0EE32891429700482730 /* ClassTitleProgressView.swift */; };
		372B0EE628914C7F00482730 /* DatePickerView.swift in Sources */ = {isa = PBXBuildFile; fileRef = 372B0EE528914C7F00482730 /* DatePickerView.swift */; };
		372B0EE828914E1900482730 /* ClassExamAddView.swift in Sources */ = {isa = PBXBuildFile; fileRef = 372B0EE728914E1900482730 /* ClassExamAddView.swift */; };
		372B0F3D289260D900482730 /* ClassMemberGridView.swift in Sources */ = {isa = PBXBuildFile; fileRef = 372B0F3C289260D900482730 /* ClassMemberGridView.swift */; };
		372B0F4B2893D24900482730 /* ClassSettingView.swift in Sources */ = {isa = PBXBuildFile; fileRef = 372B0F4A2893D24900482730 /* ClassSettingView.swift */; };
		37B0421A288277E00043E9CB /* AppDelegate.swift in Sources */ = {isa = PBXBuildFile; fileRef = 37B04219288277E00043E9CB /* AppDelegate.swift */; };
		37B0421C288277E00043E9CB /* SceneDelegate.swift in Sources */ = {isa = PBXBuildFile; fileRef = 37B0421B288277E00043E9CB /* SceneDelegate.swift */; };
		37B0421E288277E00043E9CB /* ViewController.swift in Sources */ = {isa = PBXBuildFile; fileRef = 37B0421D288277E00043E9CB /* ViewController.swift */; };
		37B04223288277E20043E9CB /* Assets.xcassets in Resources */ = {isa = PBXBuildFile; fileRef = 37B04222288277E20043E9CB /* Assets.xcassets */; };
		37B04226288277E20043E9CB /* LaunchScreen.storyboard in Resources */ = {isa = PBXBuildFile; fileRef = 37B04224288277E20043E9CB /* LaunchScreen.storyboard */; };
		37B04252288434D50043E9CB /* SueobHaro.xcdatamodeld in Sources */ = {isa = PBXBuildFile; fileRef = 37B04250288434D50043E9CB /* SueobHaro.xcdatamodeld */; };
		37B0427628848FC00043E9CB /* DataManager.swift in Sources */ = {isa = PBXBuildFile; fileRef = 37B0427528848FC00043E9CB /* DataManager.swift */; };
		37B042B428854A290043E9CB /* Schedule+CoreDataClass.swift in Sources */ = {isa = PBXBuildFile; fileRef = 37B042AC28854A290043E9CB /* Schedule+CoreDataClass.swift */; };
		37B042B528854A290043E9CB /* Schedule+CoreDataProperties.swift in Sources */ = {isa = PBXBuildFile; fileRef = 37B042AD28854A290043E9CB /* Schedule+CoreDataProperties.swift */; };
		37B042B628854A290043E9CB /* Members+CoreDataClass.swift in Sources */ = {isa = PBXBuildFile; fileRef = 37B042AE28854A290043E9CB /* Members+CoreDataClass.swift */; };
		37B042B728854A290043E9CB /* Members+CoreDataProperties.swift in Sources */ = {isa = PBXBuildFile; fileRef = 37B042AF28854A290043E9CB /* Members+CoreDataProperties.swift */; };
		37B042B828854A290043E9CB /* ClassIteration+CoreDataClass.swift in Sources */ = {isa = PBXBuildFile; fileRef = 37B042B028854A290043E9CB /* ClassIteration+CoreDataClass.swift */; };
		37B042B928854A290043E9CB /* ClassIteration+CoreDataProperties.swift in Sources */ = {isa = PBXBuildFile; fileRef = 37B042B128854A290043E9CB /* ClassIteration+CoreDataProperties.swift */; };
		37B042CC28854F010043E9CB /* ClassInfo+CoreDataClass.swift in Sources */ = {isa = PBXBuildFile; fileRef = 37B042CA28854F010043E9CB /* ClassInfo+CoreDataClass.swift */; };
		37B042CD28854F010043E9CB /* ClassInfo+CoreDataProperties.swift in Sources */ = {isa = PBXBuildFile; fileRef = 37B042CB28854F010043E9CB /* ClassInfo+CoreDataProperties.swift */; };
		37B0431328868DE50043E9CB /* ClassNameView.swift in Sources */ = {isa = PBXBuildFile; fileRef = 37B0431228868DE40043E9CB /* ClassNameView.swift */; };
		37B0431528868DF80043E9CB /* ClassMembersView.swift in Sources */ = {isa = PBXBuildFile; fileRef = 37B0431428868DF80043E9CB /* ClassMembersView.swift */; };
		37B0431728868E060043E9CB /* ClassTuitionView.swift in Sources */ = {isa = PBXBuildFile; fileRef = 37B0431628868E060043E9CB /* ClassTuitionView.swift */; };
		37B043192887294E0043E9CB /* ClassCheckView.swift in Sources */ = {isa = PBXBuildFile; fileRef = 37B043182887294E0043E9CB /* ClassCheckView.swift */; };
		37B0431E288856E40043E9CB /* NavigationUtil.swift in Sources */ = {isa = PBXBuildFile; fileRef = 37B0431D288856E40043E9CB /* NavigationUtil.swift */; };
/* End PBXBuildFile section */

/* Begin PBXFileReference section */
		2118206A289252DC00F2BA8E /* ScheduleInfoView.swift */ = {isa = PBXFileReference; lastKnownFileType = sourcecode.swift; path = ScheduleInfoView.swift; sourceTree = "<group>"; };
		211CF4742885A6B300BDE26A /* DesignGuideSystem.swift */ = {isa = PBXFileReference; lastKnownFileType = sourcecode.swift; path = DesignGuideSystem.swift; sourceTree = "<group>"; };
		211CF4772885AB2700BDE26A /* Pretendard-Medium.otf */ = {isa = PBXFileReference; lastKnownFileType = file; path = "Pretendard-Medium.otf"; sourceTree = "<group>"; };
		211CF4782885AB2700BDE26A /* Pretendard-Light.otf */ = {isa = PBXFileReference; lastKnownFileType = file; path = "Pretendard-Light.otf"; sourceTree = "<group>"; };
		211CF4792885AB2700BDE26A /* Pretendard-Bold.otf */ = {isa = PBXFileReference; lastKnownFileType = file; path = "Pretendard-Bold.otf"; sourceTree = "<group>"; };
		211D244E289276EB0012F8C7 /* CalendarUtil.swift */ = {isa = PBXFileReference; lastKnownFileType = sourcecode.swift; path = CalendarUtil.swift; sourceTree = "<group>"; };
		214707DE288FBDF9004E49D9 /* UnderlineSegmentedControl.swift */ = {isa = PBXFileReference; lastKnownFileType = sourcecode.swift; path = UnderlineSegmentedControl.swift; sourceTree = "<group>"; };
		2186376628888C5800F71595 /* TeamInfoView.swift */ = {isa = PBXFileReference; lastKnownFileType = sourcecode.swift; path = TeamInfoView.swift; sourceTree = "<group>"; };
		21977B4B28868E0700BAE020 /* NextScheduleInfoCell.swift */ = {isa = PBXFileReference; lastKnownFileType = sourcecode.swift; path = NextScheduleInfoCell.swift; sourceTree = "<group>"; };
		21977B4D28868E6800BAE020 /* CollectionViewHeader.swift */ = {isa = PBXFileReference; lastKnownFileType = sourcecode.swift; path = CollectionViewHeader.swift; sourceTree = "<group>"; };
		21ABDA7D2893AB3F00F0DB4F /* PlanView.swift */ = {isa = PBXFileReference; lastKnownFileType = sourcecode.swift; path = PlanView.swift; sourceTree = "<group>"; };
		21ABDA7F2893BC7F00F0DB4F /* PlanViewModel.swift */ = {isa = PBXFileReference; lastKnownFileType = sourcecode.swift; path = PlanViewModel.swift; sourceTree = "<group>"; };
		21B86DC028918826009B7643 /* MonthCalendar.swift */ = {isa = PBXFileReference; lastKnownFileType = sourcecode.swift; path = MonthCalendar.swift; sourceTree = "<group>"; };
		21BC991D28910A12000C5FCF /* PrevScheduleInfoCell.swift */ = {isa = PBXFileReference; lastKnownFileType = sourcecode.swift; path = PrevScheduleInfoCell.swift; sourceTree = "<group>"; };
		21BC991F28911245000C5FCF /* MainTabBarController.swift */ = {isa = PBXFileReference; lastKnownFileType = sourcecode.swift; path = MainTabBarController.swift; sourceTree = "<group>"; };
		317AE6842886919200FDA57B /* ClassDeatilViewController.swift */ = {isa = PBXFileReference; lastKnownFileType = sourcecode.swift; path = ClassDeatilViewController.swift; sourceTree = "<group>"; };
		317AE6872886927400FDA57B /* ClassDetailTableViewCell.swift */ = {isa = PBXFileReference; lastKnownFileType = sourcecode.swift; path = ClassDetailTableViewCell.swift; sourceTree = "<group>"; };
		317AE6892886A25200FDA57B /* ClassDetailHeaderView.swift */ = {isa = PBXFileReference; fileEncoding = 4; lastKnownFileType = sourcecode.swift; path = ClassDetailHeaderView.swift; sourceTree = "<group>"; };
		317AE68B2886EFE700FDA57B /* ClassInformationViewController.swift */ = {isa = PBXFileReference; lastKnownFileType = sourcecode.swift; path = ClassInformationViewController.swift; sourceTree = "<group>"; };
		317AE68D28870DAF00FDA57B /* ProgressUpdateModalViewController.swift */ = {isa = PBXFileReference; lastKnownFileType = sourcecode.swift; path = ProgressUpdateModalViewController.swift; sourceTree = "<group>"; };
		317AE69128873BCE00FDA57B /* ClassInformationHeaderView.swift */ = {isa = PBXFileReference; lastKnownFileType = sourcecode.swift; path = ClassInformationHeaderView.swift; sourceTree = "<group>"; };
		317AE69328873BEA00FDA57B /* ClassInformationTableViewCell.swift */ = {isa = PBXFileReference; lastKnownFileType = sourcecode.swift; path = ClassInformationTableViewCell.swift; sourceTree = "<group>"; };
		317AE6B728883D1400FDA57B /* ClassDetailView.swift */ = {isa = PBXFileReference; lastKnownFileType = sourcecode.swift; path = ClassDetailView.swift; sourceTree = "<group>"; };
		317AE6B928883D2700FDA57B /* ClassHeaderComponent.swift */ = {isa = PBXFileReference; lastKnownFileType = sourcecode.swift; path = ClassHeaderComponent.swift; sourceTree = "<group>"; };
		317AE6BD28883D4700FDA57B /* ClassScheduleCardComponent.swift */ = {isa = PBXFileReference; lastKnownFileType = sourcecode.swift; path = ClassScheduleCardComponent.swift; sourceTree = "<group>"; };
		317AE6BF28884E9D00FDA57B /* ClassUpdateModalView.swift */ = {isa = PBXFileReference; lastKnownFileType = sourcecode.swift; path = ClassUpdateModalView.swift; sourceTree = "<group>"; };
		317AE6C12888647000FDA57B /* ClassInformationView.swift */ = {isa = PBXFileReference; lastKnownFileType = sourcecode.swift; path = ClassInformationView.swift; sourceTree = "<group>"; };
		317AE6C32888648B00FDA57B /* ClassInformationHeaderComponent.swift */ = {isa = PBXFileReference; lastKnownFileType = sourcecode.swift; path = ClassInformationHeaderComponent.swift; sourceTree = "<group>"; };
		317AE6C52888649B00FDA57B /* ClassInformationListComponent.swift */ = {isa = PBXFileReference; lastKnownFileType = sourcecode.swift; path = ClassInformationListComponent.swift; sourceTree = "<group>"; };
		31EBB7FD2891920700502441 /* KeyboardHeightHelper.swift */ = {isa = PBXFileReference; lastKnownFileType = sourcecode.swift; path = KeyboardHeightHelper.swift; sourceTree = "<group>"; };
		31EBB8052893BD1000502441 /* ClassUpdateView.swift */ = {isa = PBXFileReference; lastKnownFileType = sourcecode.swift; path = ClassUpdateView.swift; sourceTree = "<group>"; };
		31EBB83228957E4A00502441 /* WeeklyCalendarView.swift */ = {isa = PBXFileReference; lastKnownFileType = sourcecode.swift; path = WeeklyCalendarView.swift; sourceTree = "<group>"; };
		31EBB83428957E5E00502441 /* CalendarBackgroundView.swift */ = {isa = PBXFileReference; lastKnownFileType = sourcecode.swift; path = CalendarBackgroundView.swift; sourceTree = "<group>"; };
		31EBB83628957E7100502441 /* CalendarNumberView.swift */ = {isa = PBXFileReference; lastKnownFileType = sourcecode.swift; path = CalendarNumberView.swift; sourceTree = "<group>"; };
		31EBB83828957EBE00502441 /* WeeklyNumberView.swift */ = {isa = PBXFileReference; lastKnownFileType = sourcecode.swift; path = WeeklyNumberView.swift; sourceTree = "<group>"; };
		372B0EDB288FBA9B00482730 /* ClassAddView.swift */ = {isa = PBXFileReference; lastKnownFileType = sourcecode.swift; path = ClassAddView.swift; sourceTree = "<group>"; };
		372B0EDD288FD76400482730 /* ClassTextField.swift */ = {isa = PBXFileReference; lastKnownFileType = sourcecode.swift; path = ClassTextField.swift; sourceTree = "<group>"; };
		372B0EDF289106F500482730 /* DateFormatUtil.swift */ = {isa = PBXFileReference; lastKnownFileType = sourcecode.swift; path = DateFormatUtil.swift; sourceTree = "<group>"; };
		372B0EE12891420600482730 /* NavBarBackButton.swift */ = {isa = PBXFileReference; lastKnownFileType = sourcecode.swift; path = NavBarBackButton.swift; sourceTree = "<group>"; };
		372B0EE32891429700482730 /* ClassTitleProgressView.swift */ = {isa = PBXFileReference; lastKnownFileType = sourcecode.swift; path = ClassTitleProgressView.swift; sourceTree = "<group>"; };
		372B0EE528914C7F00482730 /* DatePickerView.swift */ = {isa = PBXFileReference; lastKnownFileType = sourcecode.swift; path = DatePickerView.swift; sourceTree = "<group>"; };
		372B0EE728914E1900482730 /* ClassExamAddView.swift */ = {isa = PBXFileReference; lastKnownFileType = sourcecode.swift; path = ClassExamAddView.swift; sourceTree = "<group>"; };
		372B0F3C289260D900482730 /* ClassMemberGridView.swift */ = {isa = PBXFileReference; lastKnownFileType = sourcecode.swift; path = ClassMemberGridView.swift; sourceTree = "<group>"; };
		372B0F4A2893D24900482730 /* ClassSettingView.swift */ = {isa = PBXFileReference; lastKnownFileType = sourcecode.swift; path = ClassSettingView.swift; sourceTree = "<group>"; };
		37B04216288277E00043E9CB /* SueobHaro.app */ = {isa = PBXFileReference; explicitFileType = wrapper.application; includeInIndex = 0; path = SueobHaro.app; sourceTree = BUILT_PRODUCTS_DIR; };
		37B04219288277E00043E9CB /* AppDelegate.swift */ = {isa = PBXFileReference; lastKnownFileType = sourcecode.swift; path = AppDelegate.swift; sourceTree = "<group>"; };
		37B0421B288277E00043E9CB /* SceneDelegate.swift */ = {isa = PBXFileReference; lastKnownFileType = sourcecode.swift; path = SceneDelegate.swift; sourceTree = "<group>"; };
		37B0421D288277E00043E9CB /* ViewController.swift */ = {isa = PBXFileReference; lastKnownFileType = sourcecode.swift; path = ViewController.swift; sourceTree = "<group>"; };
		37B04222288277E20043E9CB /* Assets.xcassets */ = {isa = PBXFileReference; lastKnownFileType = folder.assetcatalog; path = Assets.xcassets; sourceTree = "<group>"; };
		37B04225288277E20043E9CB /* Base */ = {isa = PBXFileReference; lastKnownFileType = file.storyboard; name = Base; path = Base.lproj/LaunchScreen.storyboard; sourceTree = "<group>"; };
		37B04227288277E20043E9CB /* Info.plist */ = {isa = PBXFileReference; lastKnownFileType = text.plist.xml; path = Info.plist; sourceTree = "<group>"; };
		37B04251288434D50043E9CB /* SueobHaro.xcdatamodel */ = {isa = PBXFileReference; lastKnownFileType = wrapper.xcdatamodel; path = SueobHaro.xcdatamodel; sourceTree = "<group>"; };
		37B0427528848FC00043E9CB /* DataManager.swift */ = {isa = PBXFileReference; lastKnownFileType = sourcecode.swift; path = DataManager.swift; sourceTree = "<group>"; };
		37B042AC28854A290043E9CB /* Schedule+CoreDataClass.swift */ = {isa = PBXFileReference; lastKnownFileType = sourcecode.swift; path = "Schedule+CoreDataClass.swift"; sourceTree = "<group>"; };
		37B042AD28854A290043E9CB /* Schedule+CoreDataProperties.swift */ = {isa = PBXFileReference; lastKnownFileType = sourcecode.swift; path = "Schedule+CoreDataProperties.swift"; sourceTree = "<group>"; };
		37B042AE28854A290043E9CB /* Members+CoreDataClass.swift */ = {isa = PBXFileReference; lastKnownFileType = sourcecode.swift; path = "Members+CoreDataClass.swift"; sourceTree = "<group>"; };
		37B042AF28854A290043E9CB /* Members+CoreDataProperties.swift */ = {isa = PBXFileReference; lastKnownFileType = sourcecode.swift; path = "Members+CoreDataProperties.swift"; sourceTree = "<group>"; };
		37B042B028854A290043E9CB /* ClassIteration+CoreDataClass.swift */ = {isa = PBXFileReference; lastKnownFileType = sourcecode.swift; path = "ClassIteration+CoreDataClass.swift"; sourceTree = "<group>"; };
		37B042B128854A290043E9CB /* ClassIteration+CoreDataProperties.swift */ = {isa = PBXFileReference; lastKnownFileType = sourcecode.swift; path = "ClassIteration+CoreDataProperties.swift"; sourceTree = "<group>"; };
		37B042CA28854F010043E9CB /* ClassInfo+CoreDataClass.swift */ = {isa = PBXFileReference; lastKnownFileType = sourcecode.swift; name = "ClassInfo+CoreDataClass.swift"; path = "../../../ClassInfo+CoreDataClass.swift"; sourceTree = "<group>"; };
		37B042CB28854F010043E9CB /* ClassInfo+CoreDataProperties.swift */ = {isa = PBXFileReference; lastKnownFileType = sourcecode.swift; name = "ClassInfo+CoreDataProperties.swift"; path = "../../../ClassInfo+CoreDataProperties.swift"; sourceTree = "<group>"; };
		37B0431228868DE40043E9CB /* ClassNameView.swift */ = {isa = PBXFileReference; lastKnownFileType = sourcecode.swift; path = ClassNameView.swift; sourceTree = "<group>"; };
		37B0431428868DF80043E9CB /* ClassMembersView.swift */ = {isa = PBXFileReference; lastKnownFileType = sourcecode.swift; path = ClassMembersView.swift; sourceTree = "<group>"; };
		37B0431628868E060043E9CB /* ClassTuitionView.swift */ = {isa = PBXFileReference; lastKnownFileType = sourcecode.swift; path = ClassTuitionView.swift; sourceTree = "<group>"; };
		37B043182887294E0043E9CB /* ClassCheckView.swift */ = {isa = PBXFileReference; lastKnownFileType = sourcecode.swift; path = ClassCheckView.swift; sourceTree = "<group>"; };
		37B0431D288856E40043E9CB /* NavigationUtil.swift */ = {isa = PBXFileReference; lastKnownFileType = sourcecode.swift; path = NavigationUtil.swift; sourceTree = "<group>"; };
/* End PBXFileReference section */

/* Begin PBXFrameworksBuildPhase section */
		37B04213288277E00043E9CB /* Frameworks */ = {
			isa = PBXFrameworksBuildPhase;
			buildActionMask = 2147483647;
			files = (
			);
			runOnlyForDeploymentPostprocessing = 0;
		};
/* End PBXFrameworksBuildPhase section */

/* Begin PBXGroup section */
		211CF4762885AAE100BDE26A /* Fonts */ = {
			isa = PBXGroup;
			children = (
				211CF4792885AB2700BDE26A /* Pretendard-Bold.otf */,
				211CF4782885AB2700BDE26A /* Pretendard-Light.otf */,
				211CF4772885AB2700BDE26A /* Pretendard-Medium.otf */,
			);
			path = Fonts;
			sourceTree = "<group>";
		};
		214707DD288FBDC7004E49D9 /* UIViews */ = {
			isa = PBXGroup;
			children = (
				21977B4B28868E0700BAE020 /* NextScheduleInfoCell.swift */,
				21BC991D28910A12000C5FCF /* PrevScheduleInfoCell.swift */,
				21977B4D28868E6800BAE020 /* CollectionViewHeader.swift */,
			);
			path = UIViews;
			sourceTree = "<group>";
		};
		21B86DBF28918819009B7643 /* MonthCalendar */ = {
			isa = PBXGroup;
			children = (
				21ABDA7F2893BC7F00F0DB4F /* PlanViewModel.swift */,
				21ABDA7D2893AB3F00F0DB4F /* PlanView.swift */,
				21B86DC028918826009B7643 /* MonthCalendar.swift */,
				2118206A289252DC00F2BA8E /* ScheduleInfoView.swift */,
			);
			path = MonthCalendar;
			sourceTree = "<group>";
		};
		317AE683288690E200FDA57B /* Controller */ = {
			isa = PBXGroup;
			children = (
				317AE6842886919200FDA57B /* ClassDeatilViewController.swift */,
				317AE68B2886EFE700FDA57B /* ClassInformationViewController.swift */,
				317AE68D28870DAF00FDA57B /* ProgressUpdateModalViewController.swift */,
			);
			path = Controller;
			sourceTree = "<group>";
		};
		317AE6862886924100FDA57B /* ViewComponent */ = {
			isa = PBXGroup;
			children = (
				317AE6892886A25200FDA57B /* ClassDetailHeaderView.swift */,
				317AE6872886927400FDA57B /* ClassDetailTableViewCell.swift */,
				317AE69128873BCE00FDA57B /* ClassInformationHeaderView.swift */,
				317AE69328873BEA00FDA57B /* ClassInformationTableViewCell.swift */,
			);
			path = ViewComponent;
			sourceTree = "<group>";
		};
		317AE6B528883CEC00FDA57B /* SwfitUIViews */ = {
			isa = PBXGroup;
			children = (
				31EBB83128957E3800502441 /* WeeklyCalendar */,
				21B86DBF28918819009B7643 /* MonthCalendar */,
				317AE6B628883CFC00FDA57B /* SubViews */,
				317AE6B728883D1400FDA57B /* ClassDetailView.swift */,
				317AE6C12888647000FDA57B /* ClassInformationView.swift */,
				372B0EDB288FBA9B00482730 /* ClassAddView.swift */,
				372B0EE728914E1900482730 /* ClassExamAddView.swift */,
				31EBB8052893BD1000502441 /* ClassUpdateView.swift */,
				372B0F4A2893D24900482730 /* ClassSettingView.swift */,
			);
			path = SwfitUIViews;
			sourceTree = "<group>";
		};
		317AE6B628883CFC00FDA57B /* SubViews */ = {
			isa = PBXGroup;
			children = (
				37B0431228868DE40043E9CB /* ClassNameView.swift */,
				37B0431428868DF80043E9CB /* ClassMembersView.swift */,
				37B0431628868E060043E9CB /* ClassTuitionView.swift */,
				37B043182887294E0043E9CB /* ClassCheckView.swift */,
				317AE6B928883D2700FDA57B /* ClassHeaderComponent.swift */,
				317AE6BD28883D4700FDA57B /* ClassScheduleCardComponent.swift */,
				317AE6BF28884E9D00FDA57B /* ClassUpdateModalView.swift */,
				317AE6C32888648B00FDA57B /* ClassInformationHeaderComponent.swift */,
				317AE6C52888649B00FDA57B /* ClassInformationListComponent.swift */,
				372B0EDD288FD76400482730 /* ClassTextField.swift */,
				372B0EE12891420600482730 /* NavBarBackButton.swift */,
				372B0EE32891429700482730 /* ClassTitleProgressView.swift */,
				372B0EE528914C7F00482730 /* DatePickerView.swift */,
				372B0F3C289260D900482730 /* ClassMemberGridView.swift */,
			);
			path = SubViews;
			sourceTree = "<group>";
		};
		31EBB83128957E3800502441 /* WeeklyCalendar */ = {
			isa = PBXGroup;
			children = (
				31EBB83228957E4A00502441 /* WeeklyCalendarView.swift */,
				31EBB83428957E5E00502441 /* CalendarBackgroundView.swift */,
				31EBB83628957E7100502441 /* CalendarNumberView.swift */,
				31EBB83828957EBE00502441 /* WeeklyNumberView.swift */,
			);
			path = WeeklyCalendar;
			sourceTree = "<group>";
		};
		37B0420D288277E00043E9CB = {
			isa = PBXGroup;
			children = (
				37B04218288277E00043E9CB /* SueobHaro */,
				37B04217288277E00043E9CB /* Products */,
			);
			sourceTree = "<group>";
		};
		37B04217288277E00043E9CB /* Products */ = {
			isa = PBXGroup;
			children = (
				37B04216288277E00043E9CB /* SueobHaro.app */,
			);
			name = Products;
			sourceTree = "<group>";
		};
		37B04218288277E00043E9CB /* SueobHaro */ = {
			isa = PBXGroup;
			children = (
				317AE6B528883CEC00FDA57B /* SwfitUIViews */,
				317AE6862886924100FDA57B /* ViewComponent */,
				317AE683288690E200FDA57B /* Controller */,
				37B0431C288856B50043E9CB /* Helper */,
				37B0427428848F8B0043E9CB /* Model */,
				214707DD288FBDC7004E49D9 /* UIViews */,
				37B042BE28854A480043E9CB /* ClassIteration */,
				37B0421D288277E00043E9CB /* ViewController.swift */,
				37B04219288277E00043E9CB /* AppDelegate.swift */,
				37B0421B288277E00043E9CB /* SceneDelegate.swift */,
				21BC991F28911245000C5FCF /* MainTabBarController.swift */,
				211CF4742885A6B300BDE26A /* DesignGuideSystem.swift */,
				2186376628888C5800F71595 /* TeamInfoView.swift */,
				211CF4762885AAE100BDE26A /* Fonts */,
				37B04222288277E20043E9CB /* Assets.xcassets */,
				37B04224288277E20043E9CB /* LaunchScreen.storyboard */,
				37B04227288277E20043E9CB /* Info.plist */,
				37B04250288434D50043E9CB /* SueobHaro.xcdatamodeld */,
			);
			path = SueobHaro;
			sourceTree = "<group>";
		};
		37B0427328848DA00043E9CB /* DataModels */ = {
			isa = PBXGroup;
			children = (
				37B042BC28854A350043E9CB /* Schedule */,
				37B042BD28854A3C0043E9CB /* Members */,
				37B042BF28854A570043E9CB /* ClassInfo */,
			);
			path = DataModels;
			sourceTree = "<group>";
		};
		37B0427428848F8B0043E9CB /* Model */ = {
			isa = PBXGroup;
			children = (
				37B0427328848DA00043E9CB /* DataModels */,
				37B0427528848FC00043E9CB /* DataManager.swift */,
			);
			path = Model;
			sourceTree = "<group>";
		};
		37B042BC28854A350043E9CB /* Schedule */ = {
			isa = PBXGroup;
			children = (
				37B042AC28854A290043E9CB /* Schedule+CoreDataClass.swift */,
				37B042AD28854A290043E9CB /* Schedule+CoreDataProperties.swift */,
			);
			path = Schedule;
			sourceTree = "<group>";
		};
		37B042BD28854A3C0043E9CB /* Members */ = {
			isa = PBXGroup;
			children = (
				37B042AE28854A290043E9CB /* Members+CoreDataClass.swift */,
				37B042AF28854A290043E9CB /* Members+CoreDataProperties.swift */,
			);
			path = Members;
			sourceTree = "<group>";
		};
		37B042BE28854A480043E9CB /* ClassIteration */ = {
			isa = PBXGroup;
			children = (
				214707DE288FBDF9004E49D9 /* UnderlineSegmentedControl.swift */,
				37B042B028854A290043E9CB /* ClassIteration+CoreDataClass.swift */,
				37B042B128854A290043E9CB /* ClassIteration+CoreDataProperties.swift */,
			);
			path = ClassIteration;
			sourceTree = "<group>";
		};
		37B042BF28854A570043E9CB /* ClassInfo */ = {
			isa = PBXGroup;
			children = (
				37B042CA28854F010043E9CB /* ClassInfo+CoreDataClass.swift */,
				37B042CB28854F010043E9CB /* ClassInfo+CoreDataProperties.swift */,
			);
			path = ClassInfo;
			sourceTree = "<group>";
		};
		37B0431C288856B50043E9CB /* Helper */ = {
			isa = PBXGroup;
			children = (
				37B0431D288856E40043E9CB /* NavigationUtil.swift */,
				372B0EDF289106F500482730 /* DateFormatUtil.swift */,
				211D244E289276EB0012F8C7 /* CalendarUtil.swift */,
				31EBB7FD2891920700502441 /* KeyboardHeightHelper.swift */,
			);
			path = Helper;
			sourceTree = "<group>";
		};
/* End PBXGroup section */

/* Begin PBXNativeTarget section */
		37B04215288277E00043E9CB /* SueobHaro */ = {
			isa = PBXNativeTarget;
			buildConfigurationList = 37B0422A288277E20043E9CB /* Build configuration list for PBXNativeTarget "SueobHaro" */;
			buildPhases = (
				37B04212288277E00043E9CB /* Sources */,
				37B04213288277E00043E9CB /* Frameworks */,
				37B04214288277E00043E9CB /* Resources */,
			);
			buildRules = (
			);
			dependencies = (
			);
			name = SueobHaro;
			productName = SueobHaro;
			productReference = 37B04216288277E00043E9CB /* SueobHaro.app */;
			productType = "com.apple.product-type.application";
		};
/* End PBXNativeTarget section */

/* Begin PBXProject section */
		37B0420E288277E00043E9CB /* Project object */ = {
			isa = PBXProject;
			attributes = {
				BuildIndependentTargetsInParallel = 1;
				LastSwiftUpdateCheck = 1330;
				LastUpgradeCheck = 1330;
				TargetAttributes = {
					37B04215288277E00043E9CB = {
						CreatedOnToolsVersion = 13.3.1;
					};
				};
			};
			buildConfigurationList = 37B04211288277E00043E9CB /* Build configuration list for PBXProject "SueobHaro" */;
			compatibilityVersion = "Xcode 13.0";
			developmentRegion = en;
			hasScannedForEncodings = 0;
			knownRegions = (
				en,
				Base,
			);
			mainGroup = 37B0420D288277E00043E9CB;
			productRefGroup = 37B04217288277E00043E9CB /* Products */;
			projectDirPath = "";
			projectRoot = "";
			targets = (
				37B04215288277E00043E9CB /* SueobHaro */,
			);
		};
/* End PBXProject section */

/* Begin PBXResourcesBuildPhase section */
		37B04214288277E00043E9CB /* Resources */ = {
			isa = PBXResourcesBuildPhase;
			buildActionMask = 2147483647;
			files = (
				37B04226288277E20043E9CB /* LaunchScreen.storyboard in Resources */,
				211CF47C2885AB2700BDE26A /* Pretendard-Bold.otf in Resources */,
				211CF47B2885AB2700BDE26A /* Pretendard-Light.otf in Resources */,
				37B04223288277E20043E9CB /* Assets.xcassets in Resources */,
				211CF47A2885AB2700BDE26A /* Pretendard-Medium.otf in Resources */,
			);
			runOnlyForDeploymentPostprocessing = 0;
		};
/* End PBXResourcesBuildPhase section */

/* Begin PBXSourcesBuildPhase section */
		37B04212288277E00043E9CB /* Sources */ = {
			isa = PBXSourcesBuildPhase;
			buildActionMask = 2147483647;
			files = (
				317AE6B828883D1400FDA57B /* ClassDetailView.swift in Sources */,
				37B0431E288856E40043E9CB /* NavigationUtil.swift in Sources */,
				31EBB83928957EBE00502441 /* WeeklyNumberView.swift in Sources */,
				37B043192887294E0043E9CB /* ClassCheckView.swift in Sources */,
				211CF4752885A6B300BDE26A /* DesignGuideSystem.swift in Sources */,
				31EBB83328957E4A00502441 /* WeeklyCalendarView.swift in Sources */,
				37B0421E288277E00043E9CB /* ViewController.swift in Sources */,
				211D244F289276EB0012F8C7 /* CalendarUtil.swift in Sources */,
				21BC991E28910A12000C5FCF /* PrevScheduleInfoCell.swift in Sources */,
				21BC991E28910A12000C5FCF /* PrevScheduleInfoCell.swift in Sources */,
				21ABDA802893BC7F00F0DB4F /* PlanViewModel.swift in Sources */,
				372B0EE628914C7F00482730 /* DatePickerView.swift in Sources */,
				37B0427628848FC00043E9CB /* DataManager.swift in Sources */,
				31EBB8062893BD1000502441 /* ClassUpdateView.swift in Sources */,
				31EBB7FE2891920700502441 /* KeyboardHeightHelper.swift in Sources */,
				372B0EE42891429700482730 /* ClassTitleProgressView.swift in Sources */,
				317AE6C42888648B00FDA57B /* ClassInformationHeaderComponent.swift in Sources */,
				372B0EE22891420600482730 /* NavBarBackButton.swift in Sources */,
				317AE6BE28883D4700FDA57B /* ClassScheduleCardComponent.swift in Sources */,
				37B042B728854A290043E9CB /* Members+CoreDataProperties.swift in Sources */,
				317AE6852886919200FDA57B /* ClassDeatilViewController.swift in Sources */,
				317AE69428873BEA00FDA57B /* ClassInformationTableViewCell.swift in Sources */,
				372B0EDE288FD76400482730 /* ClassTextField.swift in Sources */,
				317AE6882886927400FDA57B /* ClassDetailTableViewCell.swift in Sources */,
				317AE6C62888649B00FDA57B /* ClassInformationListComponent.swift in Sources */,
				317AE69228873BCE00FDA57B /* ClassInformationHeaderView.swift in Sources */,
				317AE6C22888647000FDA57B /* ClassInformationView.swift in Sources */,
				372B0EE0289106F500482730 /* DateFormatUtil.swift in Sources */,
				37B0421A288277E00043E9CB /* AppDelegate.swift in Sources */,
				21977B4E28868E6800BAE020 /* CollectionViewHeader.swift in Sources */,
				37B04252288434D50043E9CB /* SueobHaro.xcdatamodeld in Sources */,
				317AE6BA28883D2700FDA57B /* ClassHeaderComponent.swift in Sources */,
				37B042B928854A290043E9CB /* ClassIteration+CoreDataProperties.swift in Sources */,
				372B0F3D289260D900482730 /* ClassMemberGridView.swift in Sources */,
				372B0EE828914E1900482730 /* ClassExamAddView.swift in Sources */,
				31EBB83728957E7100502441 /* CalendarNumberView.swift in Sources */,
				317AE6C028884E9D00FDA57B /* ClassUpdateModalView.swift in Sources */,
				214707DF288FBDF9004E49D9 /* UnderlineSegmentedControl.swift in Sources */,
				37B042CD28854F010043E9CB /* ClassInfo+CoreDataProperties.swift in Sources */,
				21B86DC128918826009B7643 /* MonthCalendar.swift in Sources */,
				37B042B428854A290043E9CB /* Schedule+CoreDataClass.swift in Sources */,
				317AE68A2886A25200FDA57B /* ClassDetailHeaderView.swift in Sources */,
				317AE68C2886EFE700FDA57B /* ClassInformationViewController.swift in Sources */,
				317AE68E28870DAF00FDA57B /* ProgressUpdateModalViewController.swift in Sources */,
				2118206B289252DC00F2BA8E /* ScheduleInfoView.swift in Sources */,
				37B0431328868DE50043E9CB /* ClassNameView.swift in Sources */,
				37B042B928854A290043E9CB /* ClassIteration+CoreDataProperties.swift in Sources */,
				2186376728888C5800F71595 /* TeamInfoView.swift in Sources */,
				37B042CD28854F010043E9CB /* ClassInfo+CoreDataProperties.swift in Sources */,
				37B042B428854A290043E9CB /* Schedule+CoreDataClass.swift in Sources */,
				37B0431728868E060043E9CB /* ClassTuitionView.swift in Sources */,
				37B042B628854A290043E9CB /* Members+CoreDataClass.swift in Sources */,
				21ABDA7E2893AB3F00F0DB4F /* PlanView.swift in Sources */,
				37B0421C288277E00043E9CB /* SceneDelegate.swift in Sources */,
				31EBB83528957E5E00502441 /* CalendarBackgroundView.swift in Sources */,
				37B042B828854A290043E9CB /* ClassIteration+CoreDataClass.swift in Sources */,
				37B0431528868DF80043E9CB /* ClassMembersView.swift in Sources */,
				21BC992028911245000C5FCF /* MainTabBarController.swift in Sources */,
				37B042CC28854F010043E9CB /* ClassInfo+CoreDataClass.swift in Sources */,
				372B0F4B2893D24900482730 /* ClassSettingView.swift in Sources */,
				21977B4C28868E0700BAE020 /* NextScheduleInfoCell.swift in Sources */,
				37B042B528854A290043E9CB /* Schedule+CoreDataProperties.swift in Sources */,
				372B0EDC288FBA9B00482730 /* ClassAddView.swift in Sources */,
			);
			runOnlyForDeploymentPostprocessing = 0;
		};
/* End PBXSourcesBuildPhase section */

/* Begin PBXVariantGroup section */
		37B04224288277E20043E9CB /* LaunchScreen.storyboard */ = {
			isa = PBXVariantGroup;
			children = (
				37B04225288277E20043E9CB /* Base */,
			);
			name = LaunchScreen.storyboard;
			sourceTree = "<group>";
		};
/* End PBXVariantGroup section */

/* Begin XCBuildConfiguration section */
		37B04228288277E20043E9CB /* Debug */ = {
			isa = XCBuildConfiguration;
			buildSettings = {
				ALWAYS_SEARCH_USER_PATHS = NO;
				CLANG_ANALYZER_NONNULL = YES;
				CLANG_ANALYZER_NUMBER_OBJECT_CONVERSION = YES_AGGRESSIVE;
				CLANG_CXX_LANGUAGE_STANDARD = "gnu++17";
				CLANG_ENABLE_MODULES = YES;
				CLANG_ENABLE_OBJC_ARC = YES;
				CLANG_ENABLE_OBJC_WEAK = YES;
				CLANG_WARN_BLOCK_CAPTURE_AUTORELEASING = YES;
				CLANG_WARN_BOOL_CONVERSION = YES;
				CLANG_WARN_COMMA = YES;
				CLANG_WARN_CONSTANT_CONVERSION = YES;
				CLANG_WARN_DEPRECATED_OBJC_IMPLEMENTATIONS = YES;
				CLANG_WARN_DIRECT_OBJC_ISA_USAGE = YES_ERROR;
				CLANG_WARN_DOCUMENTATION_COMMENTS = YES;
				CLANG_WARN_EMPTY_BODY = YES;
				CLANG_WARN_ENUM_CONVERSION = YES;
				CLANG_WARN_INFINITE_RECURSION = YES;
				CLANG_WARN_INT_CONVERSION = YES;
				CLANG_WARN_NON_LITERAL_NULL_CONVERSION = YES;
				CLANG_WARN_OBJC_IMPLICIT_RETAIN_SELF = YES;
				CLANG_WARN_OBJC_LITERAL_CONVERSION = YES;
				CLANG_WARN_OBJC_ROOT_CLASS = YES_ERROR;
				CLANG_WARN_QUOTED_INCLUDE_IN_FRAMEWORK_HEADER = YES;
				CLANG_WARN_RANGE_LOOP_ANALYSIS = YES;
				CLANG_WARN_STRICT_PROTOTYPES = YES;
				CLANG_WARN_SUSPICIOUS_MOVE = YES;
				CLANG_WARN_UNGUARDED_AVAILABILITY = YES_AGGRESSIVE;
				CLANG_WARN_UNREACHABLE_CODE = YES;
				CLANG_WARN__DUPLICATE_METHOD_MATCH = YES;
				COPY_PHASE_STRIP = NO;
				DEBUG_INFORMATION_FORMAT = dwarf;
				ENABLE_STRICT_OBJC_MSGSEND = YES;
				ENABLE_TESTABILITY = YES;
				GCC_C_LANGUAGE_STANDARD = gnu11;
				GCC_DYNAMIC_NO_PIC = NO;
				GCC_NO_COMMON_BLOCKS = YES;
				GCC_OPTIMIZATION_LEVEL = 0;
				GCC_PREPROCESSOR_DEFINITIONS = (
					"DEBUG=1",
					"$(inherited)",
				);
				GCC_WARN_64_TO_32_BIT_CONVERSION = YES;
				GCC_WARN_ABOUT_RETURN_TYPE = YES_ERROR;
				GCC_WARN_UNDECLARED_SELECTOR = YES;
				GCC_WARN_UNINITIALIZED_AUTOS = YES_AGGRESSIVE;
				GCC_WARN_UNUSED_FUNCTION = YES;
				GCC_WARN_UNUSED_VARIABLE = YES;
				IPHONEOS_DEPLOYMENT_TARGET = 15.4;
				MTL_ENABLE_DEBUG_INFO = INCLUDE_SOURCE;
				MTL_FAST_MATH = YES;
				ONLY_ACTIVE_ARCH = YES;
				SDKROOT = iphoneos;
				SWIFT_ACTIVE_COMPILATION_CONDITIONS = DEBUG;
				SWIFT_OPTIMIZATION_LEVEL = "-Onone";
			};
			name = Debug;
		};
		37B04229288277E20043E9CB /* Release */ = {
			isa = XCBuildConfiguration;
			buildSettings = {
				ALWAYS_SEARCH_USER_PATHS = NO;
				CLANG_ANALYZER_NONNULL = YES;
				CLANG_ANALYZER_NUMBER_OBJECT_CONVERSION = YES_AGGRESSIVE;
				CLANG_CXX_LANGUAGE_STANDARD = "gnu++17";
				CLANG_ENABLE_MODULES = YES;
				CLANG_ENABLE_OBJC_ARC = YES;
				CLANG_ENABLE_OBJC_WEAK = YES;
				CLANG_WARN_BLOCK_CAPTURE_AUTORELEASING = YES;
				CLANG_WARN_BOOL_CONVERSION = YES;
				CLANG_WARN_COMMA = YES;
				CLANG_WARN_CONSTANT_CONVERSION = YES;
				CLANG_WARN_DEPRECATED_OBJC_IMPLEMENTATIONS = YES;
				CLANG_WARN_DIRECT_OBJC_ISA_USAGE = YES_ERROR;
				CLANG_WARN_DOCUMENTATION_COMMENTS = YES;
				CLANG_WARN_EMPTY_BODY = YES;
				CLANG_WARN_ENUM_CONVERSION = YES;
				CLANG_WARN_INFINITE_RECURSION = YES;
				CLANG_WARN_INT_CONVERSION = YES;
				CLANG_WARN_NON_LITERAL_NULL_CONVERSION = YES;
				CLANG_WARN_OBJC_IMPLICIT_RETAIN_SELF = YES;
				CLANG_WARN_OBJC_LITERAL_CONVERSION = YES;
				CLANG_WARN_OBJC_ROOT_CLASS = YES_ERROR;
				CLANG_WARN_QUOTED_INCLUDE_IN_FRAMEWORK_HEADER = YES;
				CLANG_WARN_RANGE_LOOP_ANALYSIS = YES;
				CLANG_WARN_STRICT_PROTOTYPES = YES;
				CLANG_WARN_SUSPICIOUS_MOVE = YES;
				CLANG_WARN_UNGUARDED_AVAILABILITY = YES_AGGRESSIVE;
				CLANG_WARN_UNREACHABLE_CODE = YES;
				CLANG_WARN__DUPLICATE_METHOD_MATCH = YES;
				COPY_PHASE_STRIP = NO;
				DEBUG_INFORMATION_FORMAT = "dwarf-with-dsym";
				ENABLE_NS_ASSERTIONS = NO;
				ENABLE_STRICT_OBJC_MSGSEND = YES;
				GCC_C_LANGUAGE_STANDARD = gnu11;
				GCC_NO_COMMON_BLOCKS = YES;
				GCC_WARN_64_TO_32_BIT_CONVERSION = YES;
				GCC_WARN_ABOUT_RETURN_TYPE = YES_ERROR;
				GCC_WARN_UNDECLARED_SELECTOR = YES;
				GCC_WARN_UNINITIALIZED_AUTOS = YES_AGGRESSIVE;
				GCC_WARN_UNUSED_FUNCTION = YES;
				GCC_WARN_UNUSED_VARIABLE = YES;
				IPHONEOS_DEPLOYMENT_TARGET = 15.4;
				MTL_ENABLE_DEBUG_INFO = NO;
				MTL_FAST_MATH = YES;
				SDKROOT = iphoneos;
				SWIFT_COMPILATION_MODE = wholemodule;
				SWIFT_OPTIMIZATION_LEVEL = "-O";
				VALIDATE_PRODUCT = YES;
			};
			name = Release;
		};
		37B0422B288277E20043E9CB /* Debug */ = {
			isa = XCBuildConfiguration;
			buildSettings = {
				ASSETCATALOG_COMPILER_APPICON_NAME = AppIcon;
				ASSETCATALOG_COMPILER_GLOBAL_ACCENT_COLOR_NAME = AccentColor;
				CODE_SIGN_STYLE = Automatic;
				CURRENT_PROJECT_VERSION = 1;
				DEVELOPMENT_TEAM = A44U4A2F2G;
				GENERATE_INFOPLIST_FILE = YES;
				INFOPLIST_FILE = SueobHaro/Info.plist;
				INFOPLIST_KEY_UIApplicationSupportsIndirectInputEvents = YES;
				INFOPLIST_KEY_UILaunchStoryboardName = LaunchScreen;
				INFOPLIST_KEY_UISupportedInterfaceOrientations_iPad = "UIInterfaceOrientationPortrait UIInterfaceOrientationPortraitUpsideDown UIInterfaceOrientationLandscapeLeft UIInterfaceOrientationLandscapeRight";
				INFOPLIST_KEY_UISupportedInterfaceOrientations_iPhone = "UIInterfaceOrientationPortrait UIInterfaceOrientationLandscapeLeft UIInterfaceOrientationLandscapeRight";
				LD_RUNPATH_SEARCH_PATHS = (
					"$(inherited)",
					"@executable_path/Frameworks",
				);
				MARKETING_VERSION = 1.0;
				PRODUCT_BUNDLE_IDENTIFIER = com.bethev.SueobHaro;
				PRODUCT_NAME = "$(TARGET_NAME)";
				SWIFT_EMIT_LOC_STRINGS = YES;
				SWIFT_VERSION = 5.0;
				TARGETED_DEVICE_FAMILY = 1;
			};
			name = Debug;
		};
		37B0422C288277E20043E9CB /* Release */ = {
			isa = XCBuildConfiguration;
			buildSettings = {
				ASSETCATALOG_COMPILER_APPICON_NAME = AppIcon;
				ASSETCATALOG_COMPILER_GLOBAL_ACCENT_COLOR_NAME = AccentColor;
				CODE_SIGN_STYLE = Automatic;
				CURRENT_PROJECT_VERSION = 1;
				DEVELOPMENT_TEAM = A44U4A2F2G;
				GENERATE_INFOPLIST_FILE = YES;
				INFOPLIST_FILE = SueobHaro/Info.plist;
				INFOPLIST_KEY_UIApplicationSupportsIndirectInputEvents = YES;
				INFOPLIST_KEY_UILaunchStoryboardName = LaunchScreen;
				INFOPLIST_KEY_UISupportedInterfaceOrientations_iPad = "UIInterfaceOrientationPortrait UIInterfaceOrientationPortraitUpsideDown UIInterfaceOrientationLandscapeLeft UIInterfaceOrientationLandscapeRight";
				INFOPLIST_KEY_UISupportedInterfaceOrientations_iPhone = "UIInterfaceOrientationPortrait UIInterfaceOrientationLandscapeLeft UIInterfaceOrientationLandscapeRight";
				LD_RUNPATH_SEARCH_PATHS = (
					"$(inherited)",
					"@executable_path/Frameworks",
				);
				MARKETING_VERSION = 1.0;
				PRODUCT_BUNDLE_IDENTIFIER = com.bethev.SueobHaro;
				PRODUCT_NAME = "$(TARGET_NAME)";
				SWIFT_EMIT_LOC_STRINGS = YES;
				SWIFT_VERSION = 5.0;
				TARGETED_DEVICE_FAMILY = 1;
			};
			name = Release;
		};
/* End XCBuildConfiguration section */

/* Begin XCConfigurationList section */
		37B04211288277E00043E9CB /* Build configuration list for PBXProject "SueobHaro" */ = {
			isa = XCConfigurationList;
			buildConfigurations = (
				37B04228288277E20043E9CB /* Debug */,
				37B04229288277E20043E9CB /* Release */,
			);
			defaultConfigurationIsVisible = 0;
			defaultConfigurationName = Release;
		};
		37B0422A288277E20043E9CB /* Build configuration list for PBXNativeTarget "SueobHaro" */ = {
			isa = XCConfigurationList;
			buildConfigurations = (
				37B0422B288277E20043E9CB /* Debug */,
				37B0422C288277E20043E9CB /* Release */,
			);
			defaultConfigurationIsVisible = 0;
			defaultConfigurationName = Release;
		};
/* End XCConfigurationList section */

/* Begin XCVersionGroup section */
		37B04250288434D50043E9CB /* SueobHaro.xcdatamodeld */ = {
			isa = XCVersionGroup;
			children = (
				37B04251288434D50043E9CB /* SueobHaro.xcdatamodel */,
			);
			currentVersion = 37B04251288434D50043E9CB /* SueobHaro.xcdatamodel */;
			path = SueobHaro.xcdatamodeld;
			sourceTree = "<group>";
			versionGroupType = wrapper.xcdatamodel;
		};
/* End XCVersionGroup section */
	};
	rootObject = 37B0420E288277E00043E9CB /* Project object */;
}
