// !$*UTF8*$!
{
	archiveVersion = 1;
	classes = {
	};
	objectVersion = 55;
	objects = {

/* Begin PBXBuildFile section */
		211CF4752885A6B300BDE26A /* DesignGuideSystem.swift in Sources */ = {isa = PBXBuildFile; fileRef = 211CF4742885A6B300BDE26A /* DesignGuideSystem.swift */; };
		211CF47A2885AB2700BDE26A /* Pretendard-Medium.otf in Resources */ = {isa = PBXBuildFile; fileRef = 211CF4772885AB2700BDE26A /* Pretendard-Medium.otf */; };
		211CF47B2885AB2700BDE26A /* Pretendard-Light.otf in Resources */ = {isa = PBXBuildFile; fileRef = 211CF4782885AB2700BDE26A /* Pretendard-Light.otf */; };
		211CF47C2885AB2700BDE26A /* Pretendard-Bold.otf in Resources */ = {isa = PBXBuildFile; fileRef = 211CF4792885AB2700BDE26A /* Pretendard-Bold.otf */; };
		37B0421A288277E00043E9CB /* AppDelegate.swift in Sources */ = {isa = PBXBuildFile; fileRef = 37B04219288277E00043E9CB /* AppDelegate.swift */; };
		37B0421C288277E00043E9CB /* SceneDelegate.swift in Sources */ = {isa = PBXBuildFile; fileRef = 37B0421B288277E00043E9CB /* SceneDelegate.swift */; };
		37B0421E288277E00043E9CB /* ViewController.swift in Sources */ = {isa = PBXBuildFile; fileRef = 37B0421D288277E00043E9CB /* ViewController.swift */; };
		37B04223288277E20043E9CB /* Assets.xcassets in Resources */ = {isa = PBXBuildFile; fileRef = 37B04222288277E20043E9CB /* Assets.xcassets */; };
		37B04226288277E20043E9CB /* LaunchScreen.storyboard in Resources */ = {isa = PBXBuildFile; fileRef = 37B04224288277E20043E9CB /* LaunchScreen.storyboard */; };
		37B04252288434D50043E9CB /* SueobHaro.xcdatamodeld in Sources */ = {isa = PBXBuildFile; fileRef = 37B04250288434D50043E9CB /* SueobHaro.xcdatamodeld */; };
		37B0427628848FC00043E9CB /* DataManager.swift in Sources */ = {isa = PBXBuildFile; fileRef = 37B0427528848FC00043E9CB /* DataManager.swift */; };
		37B042B428854A290043E9CB /* Schedule+CoreDataClass.swift in Sources */ = {isa = PBXBuildFile; fileRef = 37B042AC28854A290043E9CB /* Schedule+CoreDataClass.swift */; };
		37B042B528854A290043E9CB /* Schedule+CoreDataProperties.swift in Sources */ = {isa = PBXBuildFile; fileRef = 37B042AD28854A290043E9CB /* Schedule+CoreDataProperties.swift */; };
		37B042B628854A290043E9CB /* Members+CoreDataClass.swift in Sources */ = {isa = PBXBuildFile; fileRef = 37B042AE28854A290043E9CB /* Members+CoreDataClass.swift */; };
		37B042B728854A290043E9CB /* Members+CoreDataProperties.swift in Sources */ = {isa = PBXBuildFile; fileRef = 37B042AF28854A290043E9CB /* Members+CoreDataProperties.swift */; };
		37B042B828854A290043E9CB /* ClassIteration+CoreDataClass.swift in Sources */ = {isa = PBXBuildFile; fileRef = 37B042B028854A290043E9CB /* ClassIteration+CoreDataClass.swift */; };
		37B042B928854A290043E9CB /* ClassIteration+CoreDataProperties.swift in Sources */ = {isa = PBXBuildFile; fileRef = 37B042B128854A290043E9CB /* ClassIteration+CoreDataProperties.swift */; };
		37B042CC28854F010043E9CB /* ClassInfo+CoreDataClass.swift in Sources */ = {isa = PBXBuildFile; fileRef = 37B042CA28854F010043E9CB /* ClassInfo+CoreDataClass.swift */; };
		37B042CD28854F010043E9CB /* ClassInfo+CoreDataProperties.swift in Sources */ = {isa = PBXBuildFile; fileRef = 37B042CB28854F010043E9CB /* ClassInfo+CoreDataProperties.swift */; };
/* End PBXBuildFile section */

/* Begin PBXFileReference section */
		211CF4742885A6B300BDE26A /* DesignGuideSystem.swift */ = {isa = PBXFileReference; lastKnownFileType = sourcecode.swift; path = DesignGuideSystem.swift; sourceTree = "<group>"; };
		211CF4772885AB2700BDE26A /* Pretendard-Medium.otf */ = {isa = PBXFileReference; lastKnownFileType = file; path = "Pretendard-Medium.otf"; sourceTree = "<group>"; };
		211CF4782885AB2700BDE26A /* Pretendard-Light.otf */ = {isa = PBXFileReference; lastKnownFileType = file; path = "Pretendard-Light.otf"; sourceTree = "<group>"; };
		211CF4792885AB2700BDE26A /* Pretendard-Bold.otf */ = {isa = PBXFileReference; lastKnownFileType = file; path = "Pretendard-Bold.otf"; sourceTree = "<group>"; };
		37B04216288277E00043E9CB /* SueobHaro.app */ = {isa = PBXFileReference; explicitFileType = wrapper.application; includeInIndex = 0; path = SueobHaro.app; sourceTree = BUILT_PRODUCTS_DIR; };
		37B04219288277E00043E9CB /* AppDelegate.swift */ = {isa = PBXFileReference; lastKnownFileType = sourcecode.swift; path = AppDelegate.swift; sourceTree = "<group>"; };
		37B0421B288277E00043E9CB /* SceneDelegate.swift */ = {isa = PBXFileReference; lastKnownFileType = sourcecode.swift; path = SceneDelegate.swift; sourceTree = "<group>"; };
		37B0421D288277E00043E9CB /* ViewController.swift */ = {isa = PBXFileReference; lastKnownFileType = sourcecode.swift; path = ViewController.swift; sourceTree = "<group>"; };
		37B04222288277E20043E9CB /* Assets.xcassets */ = {isa = PBXFileReference; lastKnownFileType = folder.assetcatalog; path = Assets.xcassets; sourceTree = "<group>"; };
		37B04225288277E20043E9CB /* Base */ = {isa = PBXFileReference; lastKnownFileType = file.storyboard; name = Base; path = Base.lproj/LaunchScreen.storyboard; sourceTree = "<group>"; };
		37B04227288277E20043E9CB /* Info.plist */ = {isa = PBXFileReference; lastKnownFileType = text.plist.xml; path = Info.plist; sourceTree = "<group>"; };
		37B04251288434D50043E9CB /* SueobHaro.xcdatamodel */ = {isa = PBXFileReference; lastKnownFileType = wrapper.xcdatamodel; path = SueobHaro.xcdatamodel; sourceTree = "<group>"; };
		37B0427528848FC00043E9CB /* DataManager.swift */ = {isa = PBXFileReference; lastKnownFileType = sourcecode.swift; path = DataManager.swift; sourceTree = "<group>"; };
		37B042AC28854A290043E9CB /* Schedule+CoreDataClass.swift */ = {isa = PBXFileReference; lastKnownFileType = sourcecode.swift; path = "Schedule+CoreDataClass.swift"; sourceTree = "<group>"; };
		37B042AD28854A290043E9CB /* Schedule+CoreDataProperties.swift */ = {isa = PBXFileReference; lastKnownFileType = sourcecode.swift; path = "Schedule+CoreDataProperties.swift"; sourceTree = "<group>"; };
		37B042AE28854A290043E9CB /* Members+CoreDataClass.swift */ = {isa = PBXFileReference; lastKnownFileType = sourcecode.swift; path = "Members+CoreDataClass.swift"; sourceTree = "<group>"; };
		37B042AF28854A290043E9CB /* Members+CoreDataProperties.swift */ = {isa = PBXFileReference; lastKnownFileType = sourcecode.swift; path = "Members+CoreDataProperties.swift"; sourceTree = "<group>"; };
		37B042B028854A290043E9CB /* ClassIteration+CoreDataClass.swift */ = {isa = PBXFileReference; lastKnownFileType = sourcecode.swift; path = "ClassIteration+CoreDataClass.swift"; sourceTree = "<group>"; };
		37B042B128854A290043E9CB /* ClassIteration+CoreDataProperties.swift */ = {isa = PBXFileReference; lastKnownFileType = sourcecode.swift; path = "ClassIteration+CoreDataProperties.swift"; sourceTree = "<group>"; };
		37B042CA28854F010043E9CB /* ClassInfo+CoreDataClass.swift */ = {isa = PBXFileReference; lastKnownFileType = sourcecode.swift; name = "ClassInfo+CoreDataClass.swift"; path = "../../../ClassInfo+CoreDataClass.swift"; sourceTree = "<group>"; };
		37B042CB28854F010043E9CB /* ClassInfo+CoreDataProperties.swift */ = {isa = PBXFileReference; lastKnownFileType = sourcecode.swift; name = "ClassInfo+CoreDataProperties.swift"; path = "../../../ClassInfo+CoreDataProperties.swift"; sourceTree = "<group>"; };
/* End PBXFileReference section */

/* Begin PBXFrameworksBuildPhase section */
		37B04213288277E00043E9CB /* Frameworks */ = {
			isa = PBXFrameworksBuildPhase;
			buildActionMask = 2147483647;
			files = (
			);
			runOnlyForDeploymentPostprocessing = 0;
		};
/* End PBXFrameworksBuildPhase section */

/* Begin PBXGroup section */
		211CF4762885AAE100BDE26A /* Fonts */ = {
			isa = PBXGroup;
			children = (
				211CF4792885AB2700BDE26A /* Pretendard-Bold.otf */,
				211CF4782885AB2700BDE26A /* Pretendard-Light.otf */,
				211CF4772885AB2700BDE26A /* Pretendard-Medium.otf */,
			);
			path = Fonts;
			sourceTree = "<group>";
		};
		37B0420D288277E00043E9CB = {
			isa = PBXGroup;
			children = (
				37B04218288277E00043E9CB /* SueobHaro */,
				37B04217288277E00043E9CB /* Products */,
			);
			sourceTree = "<group>";
		};
		37B04217288277E00043E9CB /* Products */ = {
			isa = PBXGroup;
			children = (
				37B04216288277E00043E9CB /* SueobHaro.app */,
			);
			name = Products;
			sourceTree = "<group>";
		};
		37B04218288277E00043E9CB /* SueobHaro */ = {
			isa = PBXGroup;
			children = (
				37B0427428848F8B0043E9CB /* Model */,
				37B04219288277E00043E9CB /* AppDelegate.swift */,
				37B0421B288277E00043E9CB /* SceneDelegate.swift */,
				37B0421D288277E00043E9CB /* ViewController.swift */,
				211CF4742885A6B300BDE26A /* DesignGuideSystem.swift */,
				211CF4762885AAE100BDE26A /* Fonts */,
				37B04222288277E20043E9CB /* Assets.xcassets */,
				37B04224288277E20043E9CB /* LaunchScreen.storyboard */,
				37B04227288277E20043E9CB /* Info.plist */,
				37B04250288434D50043E9CB /* SueobHaro.xcdatamodeld */,
			);
			path = SueobHaro;
			sourceTree = "<group>";
		};
		37B0427328848DA00043E9CB /* DataModels */ = {
			isa = PBXGroup;
			children = (
				37B042BC28854A350043E9CB /* Schedule */,
				37B042BD28854A3C0043E9CB /* Members */,
				37B042BE28854A480043E9CB /* ClassIteration */,
				37B042BF28854A570043E9CB /* ClassInfo */,
			);
			path = DataModels;
			sourceTree = "<group>";
		};
		37B0427428848F8B0043E9CB /* Model */ = {
			isa = PBXGroup;
			children = (
				37B0427328848DA00043E9CB /* DataModels */,
				37B0427528848FC00043E9CB /* DataManager.swift */,
			);
			path = Model;
			sourceTree = "<group>";
		};
		37B042BC28854A350043E9CB /* Schedule */ = {
			isa = PBXGroup;
			children = (
				37B042AC28854A290043E9CB /* Schedule+CoreDataClass.swift */,
				37B042AD28854A290043E9CB /* Schedule+CoreDataProperties.swift */,
			);
			path = Schedule;
			sourceTree = "<group>";
		};
		37B042BD28854A3C0043E9CB /* Members */ = {
			isa = PBXGroup;
			children = (
				37B042AE28854A290043E9CB /* Members+CoreDataClass.swift */,
				37B042AF28854A290043E9CB /* Members+CoreDataProperties.swift */,
			);
			path = Members;
			sourceTree = "<group>";
		};
		37B042BE28854A480043E9CB /* ClassIteration */ = {
			isa = PBXGroup;
			children = (
				37B042B028854A290043E9CB /* ClassIteration+CoreDataClass.swift */,
				37B042B128854A290043E9CB /* ClassIteration+CoreDataProperties.swift */,
			);
			path = ClassIteration;
			sourceTree = "<group>";
		};
		37B042BF28854A570043E9CB /* ClassInfo */ = {
			isa = PBXGroup;
			children = (
				37B042CA28854F010043E9CB /* ClassInfo+CoreDataClass.swift */,
				37B042CB28854F010043E9CB /* ClassInfo+CoreDataProperties.swift */,
			);
			path = ClassInfo;
			sourceTree = "<group>";
		};
/* End PBXGroup section */

/* Begin PBXNativeTarget section */
		37B04215288277E00043E9CB /* SueobHaro */ = {
			isa = PBXNativeTarget;
			buildConfigurationList = 37B0422A288277E20043E9CB /* Build configuration list for PBXNativeTarget "SueobHaro" */;
			buildPhases = (
				37B04212288277E00043E9CB /* Sources */,
				37B04213288277E00043E9CB /* Frameworks */,
				37B04214288277E00043E9CB /* Resources */,
			);
			buildRules = (
			);
			dependencies = (
			);
			name = SueobHaro;
			productName = SueobHaro;
			productReference = 37B04216288277E00043E9CB /* SueobHaro.app */;
			productType = "com.apple.product-type.application";
		};
/* End PBXNativeTarget section */

/* Begin PBXProject section */
		37B0420E288277E00043E9CB /* Project object */ = {
			isa = PBXProject;
			attributes = {
				BuildIndependentTargetsInParallel = 1;
				LastSwiftUpdateCheck = 1330;
				LastUpgradeCheck = 1330;
				TargetAttributes = {
					37B04215288277E00043E9CB = {
						CreatedOnToolsVersion = 13.3.1;
					};
				};
			};
			buildConfigurationList = 37B04211288277E00043E9CB /* Build configuration list for PBXProject "SueobHaro" */;
			compatibilityVersion = "Xcode 13.0";
			developmentRegion = en;
			hasScannedForEncodings = 0;
			knownRegions = (
				en,
				Base,
			);
			mainGroup = 37B0420D288277E00043E9CB;
			productRefGroup = 37B04217288277E00043E9CB /* Products */;
			projectDirPath = "";
			projectRoot = "";
			targets = (
				37B04215288277E00043E9CB /* SueobHaro */,
			);
		};
/* End PBXProject section */

/* Begin PBXResourcesBuildPhase section */
		37B04214288277E00043E9CB /* Resources */ = {
			isa = PBXResourcesBuildPhase;
			buildActionMask = 2147483647;
			files = (
				37B04226288277E20043E9CB /* LaunchScreen.storyboard in Resources */,
				211CF47C2885AB2700BDE26A /* Pretendard-Bold.otf in Resources */,
				211CF47B2885AB2700BDE26A /* Pretendard-Light.otf in Resources */,
				37B04223288277E20043E9CB /* Assets.xcassets in Resources */,
				211CF47A2885AB2700BDE26A /* Pretendard-Medium.otf in Resources */,
			);
			runOnlyForDeploymentPostprocessing = 0;
		};
/* End PBXResourcesBuildPhase section */

/* Begin PBXSourcesBuildPhase section */
		37B04212288277E00043E9CB /* Sources */ = {
			isa = PBXSourcesBuildPhase;
			buildActionMask = 2147483647;
			files = (
				211CF4752885A6B300BDE26A /* DesignGuideSystem.swift in Sources */,
				37B0421E288277E00043E9CB /* ViewController.swift in Sources */,
				37B0427628848FC00043E9CB /* DataManager.swift in Sources */,
				37B042B728854A290043E9CB /* Members+CoreDataProperties.swift in Sources */,
				37B0421A288277E00043E9CB /* AppDelegate.swift in Sources */,
				37B04252288434D50043E9CB /* SueobHaro.xcdatamodeld in Sources */,
				37B042B928854A290043E9CB /* ClassIteration+CoreDataProperties.swift in Sources */,
				37B042CD28854F010043E9CB /* ClassInfo+CoreDataProperties.swift in Sources */,
				37B042B428854A290043E9CB /* Schedule+CoreDataClass.swift in Sources */,
				37B042B628854A290043E9CB /* Members+CoreDataClass.swift in Sources */,
				37B0421C288277E00043E9CB /* SceneDelegate.swift in Sources */,
				37B042B828854A290043E9CB /* ClassIteration+CoreDataClass.swift in Sources */,
				37B042CC28854F010043E9CB /* ClassInfo+CoreDataClass.swift in Sources */,
				37B042B528854A290043E9CB /* Schedule+CoreDataProperties.swift in Sources */,
			);
			runOnlyForDeploymentPostprocessing = 0;
		};
/* End PBXSourcesBuildPhase section */

/* Begin PBXVariantGroup section */
		37B04224288277E20043E9CB /* LaunchScreen.storyboard */ = {
			isa = PBXVariantGroup;
			children = (
				37B04225288277E20043E9CB /* Base */,
			);
			name = LaunchScreen.storyboard;
			sourceTree = "<group>";
		};
/* End PBXVariantGroup section */

/* Begin XCBuildConfiguration section */
		37B04228288277E20043E9CB /* Debug */ = {
			isa = XCBuildConfiguration;
			buildSettings = {
				ALWAYS_SEARCH_USER_PATHS = NO;
				CLANG_ANALYZER_NONNULL = YES;
				CLANG_ANALYZER_NUMBER_OBJECT_CONVERSION = YES_AGGRESSIVE;
				CLANG_CXX_LANGUAGE_STANDARD = "gnu++17";
				CLANG_ENABLE_MODULES = YES;
				CLANG_ENABLE_OBJC_ARC = YES;
				CLANG_ENABLE_OBJC_WEAK = YES;
				CLANG_WARN_BLOCK_CAPTURE_AUTORELEASING = YES;
				CLANG_WARN_BOOL_CONVERSION = YES;
				CLANG_WARN_COMMA = YES;
				CLANG_WARN_CONSTANT_CONVERSION = YES;
				CLANG_WARN_DEPRECATED_OBJC_IMPLEMENTATIONS = YES;
				CLANG_WARN_DIRECT_OBJC_ISA_USAGE = YES_ERROR;
				CLANG_WARN_DOCUMENTATION_COMMENTS = YES;
				CLANG_WARN_EMPTY_BODY = YES;
				CLANG_WARN_ENUM_CONVERSION = YES;
				CLANG_WARN_INFINITE_RECURSION = YES;
				CLANG_WARN_INT_CONVERSION = YES;
				CLANG_WARN_NON_LITERAL_NULL_CONVERSION = YES;
				CLANG_WARN_OBJC_IMPLICIT_RETAIN_SELF = YES;
				CLANG_WARN_OBJC_LITERAL_CONVERSION = YES;
				CLANG_WARN_OBJC_ROOT_CLASS = YES_ERROR;
				CLANG_WARN_QUOTED_INCLUDE_IN_FRAMEWORK_HEADER = YES;
				CLANG_WARN_RANGE_LOOP_ANALYSIS = YES;
				CLANG_WARN_STRICT_PROTOTYPES = YES;
				CLANG_WARN_SUSPICIOUS_MOVE = YES;
				CLANG_WARN_UNGUARDED_AVAILABILITY = YES_AGGRESSIVE;
				CLANG_WARN_UNREACHABLE_CODE = YES;
				CLANG_WARN__DUPLICATE_METHOD_MATCH = YES;
				COPY_PHASE_STRIP = NO;
				DEBUG_INFORMATION_FORMAT = dwarf;
				ENABLE_STRICT_OBJC_MSGSEND = YES;
				ENABLE_TESTABILITY = YES;
				GCC_C_LANGUAGE_STANDARD = gnu11;
				GCC_DYNAMIC_NO_PIC = NO;
				GCC_NO_COMMON_BLOCKS = YES;
				GCC_OPTIMIZATION_LEVEL = 0;
				GCC_PREPROCESSOR_DEFINITIONS = (
					"DEBUG=1",
					"$(inherited)",
				);
				GCC_WARN_64_TO_32_BIT_CONVERSION = YES;
				GCC_WARN_ABOUT_RETURN_TYPE = YES_ERROR;
				GCC_WARN_UNDECLARED_SELECTOR = YES;
				GCC_WARN_UNINITIALIZED_AUTOS = YES_AGGRESSIVE;
				GCC_WARN_UNUSED_FUNCTION = YES;
				GCC_WARN_UNUSED_VARIABLE = YES;
				IPHONEOS_DEPLOYMENT_TARGET = 15.4;
				MTL_ENABLE_DEBUG_INFO = INCLUDE_SOURCE;
				MTL_FAST_MATH = YES;
				ONLY_ACTIVE_ARCH = YES;
				SDKROOT = iphoneos;
				SWIFT_ACTIVE_COMPILATION_CONDITIONS = DEBUG;
				SWIFT_OPTIMIZATION_LEVEL = "-Onone";
			};
			name = Debug;
		};
		37B04229288277E20043E9CB /* Release */ = {
			isa = XCBuildConfiguration;
			buildSettings = {
				ALWAYS_SEARCH_USER_PATHS = NO;
				CLANG_ANALYZER_NONNULL = YES;
				CLANG_ANALYZER_NUMBER_OBJECT_CONVERSION = YES_AGGRESSIVE;
				CLANG_CXX_LANGUAGE_STANDARD = "gnu++17";
				CLANG_ENABLE_MODULES = YES;
				CLANG_ENABLE_OBJC_ARC = YES;
				CLANG_ENABLE_OBJC_WEAK = YES;
				CLANG_WARN_BLOCK_CAPTURE_AUTORELEASING = YES;
				CLANG_WARN_BOOL_CONVERSION = YES;
				CLANG_WARN_COMMA = YES;
				CLANG_WARN_CONSTANT_CONVERSION = YES;
				CLANG_WARN_DEPRECATED_OBJC_IMPLEMENTATIONS = YES;
				CLANG_WARN_DIRECT_OBJC_ISA_USAGE = YES_ERROR;
				CLANG_WARN_DOCUMENTATION_COMMENTS = YES;
				CLANG_WARN_EMPTY_BODY = YES;
				CLANG_WARN_ENUM_CONVERSION = YES;
				CLANG_WARN_INFINITE_RECURSION = YES;
				CLANG_WARN_INT_CONVERSION = YES;
				CLANG_WARN_NON_LITERAL_NULL_CONVERSION = YES;
				CLANG_WARN_OBJC_IMPLICIT_RETAIN_SELF = YES;
				CLANG_WARN_OBJC_LITERAL_CONVERSION = YES;
				CLANG_WARN_OBJC_ROOT_CLASS = YES_ERROR;
				CLANG_WARN_QUOTED_INCLUDE_IN_FRAMEWORK_HEADER = YES;
				CLANG_WARN_RANGE_LOOP_ANALYSIS = YES;
				CLANG_WARN_STRICT_PROTOTYPES = YES;
				CLANG_WARN_SUSPICIOUS_MOVE = YES;
				CLANG_WARN_UNGUARDED_AVAILABILITY = YES_AGGRESSIVE;
				CLANG_WARN_UNREACHABLE_CODE = YES;
				CLANG_WARN__DUPLICATE_METHOD_MATCH = YES;
				COPY_PHASE_STRIP = NO;
				DEBUG_INFORMATION_FORMAT = "dwarf-with-dsym";
				ENABLE_NS_ASSERTIONS = NO;
				ENABLE_STRICT_OBJC_MSGSEND = YES;
				GCC_C_LANGUAGE_STANDARD = gnu11;
				GCC_NO_COMMON_BLOCKS = YES;
				GCC_WARN_64_TO_32_BIT_CONVERSION = YES;
				GCC_WARN_ABOUT_RETURN_TYPE = YES_ERROR;
				GCC_WARN_UNDECLARED_SELECTOR = YES;
				GCC_WARN_UNINITIALIZED_AUTOS = YES_AGGRESSIVE;
				GCC_WARN_UNUSED_FUNCTION = YES;
				GCC_WARN_UNUSED_VARIABLE = YES;
				IPHONEOS_DEPLOYMENT_TARGET = 15.4;
				MTL_ENABLE_DEBUG_INFO = NO;
				MTL_FAST_MATH = YES;
				SDKROOT = iphoneos;
				SWIFT_COMPILATION_MODE = wholemodule;
				SWIFT_OPTIMIZATION_LEVEL = "-O";
				VALIDATE_PRODUCT = YES;
			};
			name = Release;
		};
		37B0422B288277E20043E9CB /* Debug */ = {
			isa = XCBuildConfiguration;
			buildSettings = {
				ASSETCATALOG_COMPILER_APPICON_NAME = AppIcon;
				ASSETCATALOG_COMPILER_GLOBAL_ACCENT_COLOR_NAME = AccentColor;
				CODE_SIGN_STYLE = Automatic;
				CURRENT_PROJECT_VERSION = 1;
				DEVELOPMENT_TEAM = JP3V2463G6;
				GENERATE_INFOPLIST_FILE = YES;
				INFOPLIST_FILE = SueobHaro/Info.plist;
				INFOPLIST_KEY_UIApplicationSupportsIndirectInputEvents = YES;
				INFOPLIST_KEY_UILaunchStoryboardName = LaunchScreen;
				INFOPLIST_KEY_UISupportedInterfaceOrientations_iPad = "UIInterfaceOrientationPortrait UIInterfaceOrientationPortraitUpsideDown UIInterfaceOrientationLandscapeLeft UIInterfaceOrientationLandscapeRight";
				INFOPLIST_KEY_UISupportedInterfaceOrientations_iPhone = "UIInterfaceOrientationPortrait UIInterfaceOrientationLandscapeLeft UIInterfaceOrientationLandscapeRight";
				LD_RUNPATH_SEARCH_PATHS = (
					"$(inherited)",
					"@executable_path/Frameworks",
				);
				MARKETING_VERSION = 1.0;
				PRODUCT_BUNDLE_IDENTIFIER = com.bethev.SueobHaro;
				PRODUCT_NAME = "$(TARGET_NAME)";
				SWIFT_EMIT_LOC_STRINGS = YES;
				SWIFT_VERSION = 5.0;
				TARGETED_DEVICE_FAMILY = 1;
			};
			name = Debug;
		};
		37B0422C288277E20043E9CB /* Release */ = {
			isa = XCBuildConfiguration;
			buildSettings = {
				ASSETCATALOG_COMPILER_APPICON_NAME = AppIcon;
				ASSETCATALOG_COMPILER_GLOBAL_ACCENT_COLOR_NAME = AccentColor;
				CODE_SIGN_STYLE = Automatic;
				CURRENT_PROJECT_VERSION = 1;
				DEVELOPMENT_TEAM = JP3V2463G6;
				GENERATE_INFOPLIST_FILE = YES;
				INFOPLIST_FILE = SueobHaro/Info.plist;
				INFOPLIST_KEY_UIApplicationSupportsIndirectInputEvents = YES;
				INFOPLIST_KEY_UILaunchStoryboardName = LaunchScreen;
				INFOPLIST_KEY_UISupportedInterfaceOrientations_iPad = "UIInterfaceOrientationPortrait UIInterfaceOrientationPortraitUpsideDown UIInterfaceOrientationLandscapeLeft UIInterfaceOrientationLandscapeRight";
				INFOPLIST_KEY_UISupportedInterfaceOrientations_iPhone = "UIInterfaceOrientationPortrait UIInterfaceOrientationLandscapeLeft UIInterfaceOrientationLandscapeRight";
				LD_RUNPATH_SEARCH_PATHS = (
					"$(inherited)",
					"@executable_path/Frameworks",
				);
				MARKETING_VERSION = 1.0;
				PRODUCT_BUNDLE_IDENTIFIER = com.bethev.SueobHaro;
				PRODUCT_NAME = "$(TARGET_NAME)";
				SWIFT_EMIT_LOC_STRINGS = YES;
				SWIFT_VERSION = 5.0;
				TARGETED_DEVICE_FAMILY = 1;
			};
			name = Release;
		};
/* End XCBuildConfiguration section */

/* Begin XCConfigurationList section */
		37B04211288277E00043E9CB /* Build configuration list for PBXProject "SueobHaro" */ = {
			isa = XCConfigurationList;
			buildConfigurations = (
				37B04228288277E20043E9CB /* Debug */,
				37B04229288277E20043E9CB /* Release */,
			);
			defaultConfigurationIsVisible = 0;
			defaultConfigurationName = Release;
		};
		37B0422A288277E20043E9CB /* Build configuration list for PBXNativeTarget "SueobHaro" */ = {
			isa = XCConfigurationList;
			buildConfigurations = (
				37B0422B288277E20043E9CB /* Debug */,
				37B0422C288277E20043E9CB /* Release */,
			);
			defaultConfigurationIsVisible = 0;
			defaultConfigurationName = Release;
		};
/* End XCConfigurationList section */

/* Begin XCVersionGroup section */
		37B04250288434D50043E9CB /* SueobHaro.xcdatamodeld */ = {
			isa = XCVersionGroup;
			children = (
				37B04251288434D50043E9CB /* SueobHaro.xcdatamodel */,
			);
			currentVersion = 37B04251288434D50043E9CB /* SueobHaro.xcdatamodel */;
			path = SueobHaro.xcdatamodeld;
			sourceTree = "<group>";
			versionGroupType = wrapper.xcdatamodel;
		};
/* End XCVersionGroup section */
	};
	rootObject = 37B0420E288277E00043E9CB /* Project object */;
}
